
Microsoft Visual Studio Solution File, Format Version 12.00
# Visual Studio Version 16
VisualStudioVersion = 16.0.28721.148
MinimumVisualStudioVersion = 10.0.40219.1
Project("{9A19103F-16F7-4668-BE54-9A1E7A4F7556}") = "WinFormsCoreSimpleWindow", "WinFormsCoreSimpleWindow\WinFormsCoreSimpleWindow.csproj", "{0894D3B4-956A-4171-AA3D-53DDBFE5C474}"
EndProject
Project("{FAE04EC0-301F-11D3-BF4B-00C04F79EFBC}") = "WinFormSimpleWindow", "WinFormSimpleWindow\WinFormSimpleWindow.csproj", "{321622C4-EB0A-4809-94AB-52049171EBDD}"
EndProject
Project("{9A19103F-16F7-4668-BE54-9A1E7A4F7556}") = "WpfCoreSimpleWindow", "WpfCoreSimpleWindow\WpfCoreSimpleWindow.csproj", "{47037E10-61FF-4286-B275-822CC58BE184}"
EndProject
Project("{FAE04EC0-301F-11D3-BF4B-00C04F79EFBC}") = "WpfSimpleWindow", "WpfSimpleWindow\WpfSimpleWindow.csproj", "{A24AE600-57C0-4E13-BF8B-E7DFE768BA0B}"
EndProject
Project("{FAE04EC0-301F-11D3-BF4B-00C04F79EFBC}") = "WpfVsWinform", "WpfVsWinform\WpfVsWinform.csproj", "{01CEDAA0-26FE-45DD-9A2B-559CA1769281}"
EndProject
Project("{FAE04EC0-301F-11D3-BF4B-00C04F79EFBC}") = "WpfVsWinForm.Benchmark", "WpfVsWinForm.Benchmark\WpfVsWinForm.Benchmark.csproj", "{8FCC9152-7BEC-43A8-A67D-08BA67BFF5B1}"
EndProject
Project("{FAE04EC0-301F-11D3-BF4B-00C04F79EFBC}") = "WpfVsWinForm.Benchmark.Tests", "WpfVsWinForm.Benchmark.Tests\WpfVsWinForm.Benchmark.Tests.csproj", "{835131E6-80A3-44DB-9A2D-9C247804AC6F}"
EndProject
Global
	GlobalSection(SolutionConfigurationPlatforms) = preSolution
		Debug|Any CPU = Debug|Any CPU
		Release|Any CPU = Release|Any CPU
	EndGlobalSection
	GlobalSection(ProjectConfigurationPlatforms) = postSolution
		{0894D3B4-956A-4171-AA3D-53DDBFE5C474}.Debug|Any CPU.ActiveCfg = Debug|Any CPU
		{0894D3B4-956A-4171-AA3D-53DDBFE5C474}.Debug|Any CPU.Build.0 = Debug|Any CPU
		{0894D3B4-956A-4171-AA3D-53DDBFE5C474}.Release|Any CPU.ActiveCfg = Release|Any CPU
		{0894D3B4-956A-4171-AA3D-53DDBFE5C474}.Release|Any CPU.Build.0 = Release|Any CPU
		{321622C4-EB0A-4809-94AB-52049171EBDD}.Debug|Any CPU.ActiveCfg = Debug|Any CPU
		{321622C4-EB0A-4809-94AB-52049171EBDD}.Debug|Any CPU.Build.0 = Debug|Any CPU
		{321622C4-EB0A-4809-94AB-52049171EBDD}.Release|Any CPU.ActiveCfg = Release|Any CPU
		{321622C4-EB0A-4809-94AB-52049171EBDD}.Release|Any CPU.Build.0 = Release|Any CPU
		{47037E10-61FF-4286-B275-822CC58BE184}.Debug|Any CPU.ActiveCfg = Debug|Any CPU
		{47037E10-61FF-4286-B275-822CC58BE184}.Debug|Any CPU.Build.0 = Debug|Any CPU
		{47037E10-61FF-4286-B275-822CC58BE184}.Release|Any CPU.ActiveCfg = Release|Any CPU
		{47037E10-61FF-4286-B275-822CC58BE184}.Release|Any CPU.Build.0 = Release|Any CPU
		{A24AE600-57C0-4E13-BF8B-E7DFE768BA0B}.Debug|Any CPU.ActiveCfg = Debug|Any CPU
		{A24AE600-57C0-4E13-BF8B-E7DFE768BA0B}.Debug|Any CPU.Build.0 = Debug|Any CPU
		{A24AE600-57C0-4E13-BF8B-E7DFE768BA0B}.Release|Any CPU.ActiveCfg = Release|Any CPU
		{A24AE600-57C0-4E13-BF8B-E7DFE768BA0B}.Release|Any CPU.Build.0 = Release|Any CPU
		{01CEDAA0-26FE-45DD-9A2B-559CA1769281}.Debug|Any CPU.ActiveCfg = Debug|Any CPU
		{01CEDAA0-26FE-45DD-9A2B-559CA1769281}.Debug|Any CPU.Build.0 = Debug|Any CPU
		{01CEDAA0-26FE-45DD-9A2B-559CA1769281}.Release|Any CPU.ActiveCfg = Release|Any CPU
		{01CEDAA0-26FE-45DD-9A2B-559CA1769281}.Release|Any CPU.Build.0 = Release|Any CPU
		{8FCC9152-7BEC-43A8-A67D-08BA67BFF5B1}.Debug|Any CPU.ActiveCfg = Debug|Any CPU
		{8FCC9152-7BEC-43A8-A67D-08BA67BFF5B1}.Debug|Any CPU.Build.0 = Debug|Any CPU
		{8FCC9152-7BEC-43A8-A67D-08BA67BFF5B1}.Release|Any CPU.ActiveCfg = Release|Any CPU
		{8FCC9152-7BEC-43A8-A67D-08BA67BFF5B1}.Release|Any CPU.Build.0 = Release|Any CPU
		{835131E6-80A3-44DB-9A2D-9C247804AC6F}.Debug|Any CPU.ActiveCfg = Debug|Any CPU
		{835131E6-80A3-44DB-9A2D-9C247804AC6F}.Debug|Any CPU.Build.0 = Debug|Any CPU
		{835131E6-80A3-44DB-9A2D-9C247804AC6F}.Release|Any CPU.ActiveCfg = Release|Any CPU
		{835131E6-80A3-44DB-9A2D-9C247804AC6F}.Release|Any CPU.Build.0 = Release|Any CPU
	EndGlobalSection
	GlobalSection(SolutionProperties) = preSolution
		HideSolutionNode = FALSE
	EndGlobalSection
	GlobalSection(ExtensibilityGlobals) = postSolution
		SolutionGuid = {E83E1941-CE0B-4C2D-B5DD-5C054A9D1423}
	EndGlobalSection
EndGlobal
